
Microsoft Visual Studio Solution File, Format Version 12.00
# Visual Studio 15
VisualStudioVersion = 15.0.26430.4
MinimumVisualStudioVersion = 10.0.40219.1
Project("{E24C65DC-7377-472B-9ABA-BC803B73C61A}") = "feedback", ".", "{69CD05C8-C00F-4C2E-95E9-1E2A6D8ADE18}"
	ProjectSection(WebsiteProperties) = preProject
		TargetFrameworkMoniker = ".NETFramework,Version%3Dv4.5.2"
		ProjectReferences = "{4176a494-9851-4298-a1c9-8420e1246c2a}|dadesNico.dll;"
		Debug.AspNetCompiler.VirtualPath = "/localhost_50678"
		Debug.AspNetCompiler.PhysicalPath = "..\feedback\"
		Debug.AspNetCompiler.TargetPath = "PrecompiledWeb\localhost_50678\"
		Debug.AspNetCompiler.Updateable = "true"
		Debug.AspNetCompiler.ForceOverwrite = "true"
		Debug.AspNetCompiler.FixedNames = "false"
		Debug.AspNetCompiler.Debug = "True"
		Release.AspNetCompiler.VirtualPath = "/localhost_50678"
		Release.AspNetCompiler.PhysicalPath = "..\feedback\"
		Release.AspNetCompiler.TargetPath = "PrecompiledWeb\localhost_50678\"
		Release.AspNetCompiler.Updateable = "true"
		Release.AspNetCompiler.ForceOverwrite = "true"
		Release.AspNetCompiler.FixedNames = "false"
		Release.AspNetCompiler.Debug = "False"
		VWDPort = "50678"
		SlnRelativePath = "..\feedback\"
	EndProjectSection
EndProject
Project("{F184B08F-C81C-45F6-A57F-5ABD9991F28F}") = "dadesNico", "..\dadesNico\dadesNico.vbproj", "{4176A494-9851-4298-A1C9-8420E1246C2A}"
EndProject
Project("{FAE04EC0-301F-11D3-BF4B-00C04F79EFBC}") = "PrintConsole", "..\PrintConsole\PrintConsole.csproj", "{E2384012-0D88-4C84-B97E-84FEAF013E42}"
EndProject
Global
	GlobalSection(SolutionConfigurationPlatforms) = preSolution
		Debug|Any CPU = Debug|Any CPU
		Release|Any CPU = Release|Any CPU
	EndGlobalSection
	GlobalSection(ProjectConfigurationPlatforms) = postSolution
		{69CD05C8-C00F-4C2E-95E9-1E2A6D8ADE18}.Debug|Any CPU.ActiveCfg = Debug|Any CPU
		{69CD05C8-C00F-4C2E-95E9-1E2A6D8ADE18}.Debug|Any CPU.Build.0 = Debug|Any CPU
		{69CD05C8-C00F-4C2E-95E9-1E2A6D8ADE18}.Release|Any CPU.ActiveCfg = Debug|Any CPU
		{69CD05C8-C00F-4C2E-95E9-1E2A6D8ADE18}.Release|Any CPU.Build.0 = Debug|Any CPU
		{4176A494-9851-4298-A1C9-8420E1246C2A}.Debug|Any CPU.ActiveCfg = Debug|Any CPU
		{4176A494-9851-4298-A1C9-8420E1246C2A}.Debug|Any CPU.Build.0 = Debug|Any CPU
		{4176A494-9851-4298-A1C9-8420E1246C2A}.Release|Any CPU.ActiveCfg = Release|Any CPU
		{4176A494-9851-4298-A1C9-8420E1246C2A}.Release|Any CPU.Build.0 = Release|Any CPU
		{E2384012-0D88-4C84-B97E-84FEAF013E42}.Debug|Any CPU.ActiveCfg = Debug|Any CPU
		{E2384012-0D88-4C84-B97E-84FEAF013E42}.Debug|Any CPU.Build.0 = Debug|Any CPU
		{E2384012-0D88-4C84-B97E-84FEAF013E42}.Release|Any CPU.ActiveCfg = Release|Any CPU
		{E2384012-0D88-4C84-B97E-84FEAF013E42}.Release|Any CPU.Build.0 = Release|Any CPU
	EndGlobalSection
	GlobalSection(SolutionProperties) = preSolution
		HideSolutionNode = FALSE
	EndGlobalSection
EndGlobal
